
Microsoft Visual Studio Solution File, Format Version 12.00
Project("{2150E333-8FDC-42A3-9474-1A3956D46DE8}") = "src", "src", "{B9D0D304-A93F-46B7-9358-944C7451E4F1}"
EndProject
Project("{2150E333-8FDC-42A3-9474-1A3956D46DE8}") = "Backend", "Backend", "{7AB30606-233D-4A39-A9BA-417C6FE0DB5A}"
EndProject
Project("{2150E333-8FDC-42A3-9474-1A3956D46DE8}") = "Shared", "Shared", "{1086842C-8365-420D-8BFD-4B40A0ACF325}"
EndProject
Project("{2150E333-8FDC-42A3-9474-1A3956D46DE8}") = "Web", "Web", "{4D1AB06A-F16A-40A1-872C-2A30AB57407E}"
EndProject
Project("{FAE04EC0-301F-11D3-BF4B-00C04F79EFBC}") = "PersonalFinance.Api", "src\Backend\PersonalFinance.Api\PersonalFinance.Api.csproj", "{188074A0-1D9F-49CF-9C72-CF10B4F1D666}"
EndProject
Project("{FAE04EC0-301F-11D3-BF4B-00C04F79EFBC}") = "PersonalFinance.Application", "src\Backend\PersonalFinance.Application\PersonalFinance.Application.csproj", "{173C2893-0DFB-48E2-AA45-2B0BD299A22C}"
EndProject
Project("{FAE04EC0-301F-11D3-BF4B-00C04F79EFBC}") = "PersonalFinance.Domain", "src\Backend\PersonalFinance.Domain\PersonalFinance.Domain.csproj", "{AC66F9C3-68ED-4259-8984-869BD8E8876C}"
EndProject
Project("{FAE04EC0-301F-11D3-BF4B-00C04F79EFBC}") = "PersonalFinance.Infrastructure", "src\Backend\PersonalFinance.Infrastructure\PersonalFinance.Infrastructure.csproj", "{8F6CA985-B4C9-416B-8035-DA774564F38F}"
EndProject
Project("{FAE04EC0-301F-11D3-BF4B-00C04F79EFBC}") = "PersonalFinance.Communication", "src\Shared\PersonalFinance.Communication\PersonalFinance.Communication.csproj", "{35D9D66F-DF72-4C89-830C-AF0C9F473366}"
EndProject
Project("{FAE04EC0-301F-11D3-BF4B-00C04F79EFBC}") = "PersonalFinance.Exception", "src\Shared\PersonalFinance.Exception\PersonalFinance.Exception.csproj", "{AA5F97CF-6682-49DF-9FD9-BB4296E3EC30}"
EndProject
Project("{FAE04EC0-301F-11D3-BF4B-00C04F79EFBC}") = "PersonalFinance.Adapter", "src\Web\PersonalFinance.Adapter\PersonalFinance.Adapter.csproj", "{A5AFE6FF-0968-4B6E-B96A-6743180393F0}"
EndProject
Project("{FAE04EC0-301F-11D3-BF4B-00C04F79EFBC}") = "PersonalFinance.Web", "src\Web\PersonalFinance.Web\PersonalFinance.Web.csproj", "{23D2D907-CD8E-401C-9C07-D2E8AAC9A9AE}"
EndProject
Global
	GlobalSection(SolutionConfigurationPlatforms) = preSolution
		Debug|Any CPU = Debug|Any CPU
		Release|Any CPU = Release|Any CPU
	EndGlobalSection
	GlobalSection(NestedProjects) = preSolution
		{7AB30606-233D-4A39-A9BA-417C6FE0DB5A} = {B9D0D304-A93F-46B7-9358-944C7451E4F1}
		{1086842C-8365-420D-8BFD-4B40A0ACF325} = {B9D0D304-A93F-46B7-9358-944C7451E4F1}
		{4D1AB06A-F16A-40A1-872C-2A30AB57407E} = {B9D0D304-A93F-46B7-9358-944C7451E4F1}
		{188074A0-1D9F-49CF-9C72-CF10B4F1D666} = {7AB30606-233D-4A39-A9BA-417C6FE0DB5A}
		{173C2893-0DFB-48E2-AA45-2B0BD299A22C} = {7AB30606-233D-4A39-A9BA-417C6FE0DB5A}
		{AC66F9C3-68ED-4259-8984-869BD8E8876C} = {7AB30606-233D-4A39-A9BA-417C6FE0DB5A}
		{8F6CA985-B4C9-416B-8035-DA774564F38F} = {7AB30606-233D-4A39-A9BA-417C6FE0DB5A}
		{35D9D66F-DF72-4C89-830C-AF0C9F473366} = {1086842C-8365-420D-8BFD-4B40A0ACF325}
		{AA5F97CF-6682-49DF-9FD9-BB4296E3EC30} = {1086842C-8365-420D-8BFD-4B40A0ACF325}
		{A5AFE6FF-0968-4B6E-B96A-6743180393F0} = {4D1AB06A-F16A-40A1-872C-2A30AB57407E}
		{23D2D907-CD8E-401C-9C07-D2E8AAC9A9AE} = {4D1AB06A-F16A-40A1-872C-2A30AB57407E}
	EndGlobalSection
	GlobalSection(ProjectConfigurationPlatforms) = postSolution
		{188074A0-1D9F-49CF-9C72-CF10B4F1D666}.Debug|Any CPU.ActiveCfg = Debug|Any CPU
		{188074A0-1D9F-49CF-9C72-CF10B4F1D666}.Debug|Any CPU.Build.0 = Debug|Any CPU
		{188074A0-1D9F-49CF-9C72-CF10B4F1D666}.Release|Any CPU.ActiveCfg = Release|Any CPU
		{188074A0-1D9F-49CF-9C72-CF10B4F1D666}.Release|Any CPU.Build.0 = Release|Any CPU
		{173C2893-0DFB-48E2-AA45-2B0BD299A22C}.Debug|Any CPU.ActiveCfg = Debug|Any CPU
		{173C2893-0DFB-48E2-AA45-2B0BD299A22C}.Debug|Any CPU.Build.0 = Debug|Any CPU
		{173C2893-0DFB-48E2-AA45-2B0BD299A22C}.Release|Any CPU.ActiveCfg = Release|Any CPU
		{173C2893-0DFB-48E2-AA45-2B0BD299A22C}.Release|Any CPU.Build.0 = Release|Any CPU
		{AC66F9C3-68ED-4259-8984-869BD8E8876C}.Debug|Any CPU.ActiveCfg = Debug|Any CPU
		{AC66F9C3-68ED-4259-8984-869BD8E8876C}.Debug|Any CPU.Build.0 = Debug|Any CPU
		{AC66F9C3-68ED-4259-8984-869BD8E8876C}.Release|Any CPU.ActiveCfg = Release|Any CPU
		{AC66F9C3-68ED-4259-8984-869BD8E8876C}.Release|Any CPU.Build.0 = Release|Any CPU
		{8F6CA985-B4C9-416B-8035-DA774564F38F}.Debug|Any CPU.ActiveCfg = Debug|Any CPU
		{8F6CA985-B4C9-416B-8035-DA774564F38F}.Debug|Any CPU.Build.0 = Debug|Any CPU
		{8F6CA985-B4C9-416B-8035-DA774564F38F}.Release|Any CPU.ActiveCfg = Release|Any CPU
		{8F6CA985-B4C9-416B-8035-DA774564F38F}.Release|Any CPU.Build.0 = Release|Any CPU
		{35D9D66F-DF72-4C89-830C-AF0C9F473366}.Debug|Any CPU.ActiveCfg = Debug|Any CPU
		{35D9D66F-DF72-4C89-830C-AF0C9F473366}.Debug|Any CPU.Build.0 = Debug|Any CPU
		{35D9D66F-DF72-4C89-830C-AF0C9F473366}.Release|Any CPU.ActiveCfg = Release|Any CPU
		{35D9D66F-DF72-4C89-830C-AF0C9F473366}.Release|Any CPU.Build.0 = Release|Any CPU
		{AA5F97CF-6682-49DF-9FD9-BB4296E3EC30}.Debug|Any CPU.ActiveCfg = Debug|Any CPU
		{AA5F97CF-6682-49DF-9FD9-BB4296E3EC30}.Debug|Any CPU.Build.0 = Debug|Any CPU
		{AA5F97CF-6682-49DF-9FD9-BB4296E3EC30}.Release|Any CPU.ActiveCfg = Release|Any CPU
		{AA5F97CF-6682-49DF-9FD9-BB4296E3EC30}.Release|Any CPU.Build.0 = Release|Any CPU
		{A5AFE6FF-0968-4B6E-B96A-6743180393F0}.Debug|Any CPU.ActiveCfg = Debug|Any CPU
		{A5AFE6FF-0968-4B6E-B96A-6743180393F0}.Debug|Any CPU.Build.0 = Debug|Any CPU
		{A5AFE6FF-0968-4B6E-B96A-6743180393F0}.Release|Any CPU.ActiveCfg = Release|Any CPU
		{A5AFE6FF-0968-4B6E-B96A-6743180393F0}.Release|Any CPU.Build.0 = Release|Any CPU
		{23D2D907-CD8E-401C-9C07-D2E8AAC9A9AE}.Debug|Any CPU.ActiveCfg = Debug|Any CPU
		{23D2D907-CD8E-401C-9C07-D2E8AAC9A9AE}.Debug|Any CPU.Build.0 = Debug|Any CPU
		{23D2D907-CD8E-401C-9C07-D2E8AAC9A9AE}.Release|Any CPU.ActiveCfg = Release|Any CPU
		{23D2D907-CD8E-401C-9C07-D2E8AAC9A9AE}.Release|Any CPU.Build.0 = Release|Any CPU
	EndGlobalSection
EndGlobal
